// !$*UTF8*$!
{
	archiveVersion = 1;
	classes = {
	};
	objectVersion = 52;
	objects = {

/* Begin PBXBuildFile section */
		AAFCD73C247FC26400A87932 /* AppDelegate.swift in Sources */ = {isa = PBXBuildFile; fileRef = AAFCD73B247FC26400A87932 /* AppDelegate.swift */; };
		AAFCD73E247FC26400A87932 /* SceneDelegate.swift in Sources */ = {isa = PBXBuildFile; fileRef = AAFCD73D247FC26400A87932 /* SceneDelegate.swift */; };
		AAFCD740247FC26400A87932 /* ContentView.swift in Sources */ = {isa = PBXBuildFile; fileRef = AAFCD73F247FC26400A87932 /* ContentView.swift */; };
		AAFCD742247FC26500A87932 /* Assets.xcassets in Resources */ = {isa = PBXBuildFile; fileRef = AAFCD741247FC26500A87932 /* Assets.xcassets */; };
		AAFCD745247FC26500A87932 /* Preview Assets.xcassets in Resources */ = {isa = PBXBuildFile; fileRef = AAFCD744247FC26500A87932 /* Preview Assets.xcassets */; };
		AAFCD748247FC26500A87932 /* LaunchScreen.storyboard in Resources */ = {isa = PBXBuildFile; fileRef = AAFCD746247FC26500A87932 /* LaunchScreen.storyboard */; };
		AAFCD753247FC26500A87932 /* NewsTests.swift in Sources */ = {isa = PBXBuildFile; fileRef = AAFCD752247FC26500A87932 /* NewsTests.swift */; };
		AAFCD75E247FC26500A87932 /* NewsUITests.swift in Sources */ = {isa = PBXBuildFile; fileRef = AAFCD75D247FC26500A87932 /* NewsUITests.swift */; };
		AAFCD76D247FC75900A87932 /* SwiftyJSON in Frameworks */ = {isa = PBXBuildFile; productRef = AAFCD76C247FC75900A87932 /* SwiftyJSON */; };
		AAFCD770247FC9D900A87932 /* SDWebImageSwiftUI in Frameworks */ = {isa = PBXBuildFile; productRef = AAFCD76F247FC9D900A87932 /* SDWebImageSwiftUI */; };
/* End PBXBuildFile section */

/* Begin PBXContainerItemProxy section */
		AAFCD74F247FC26500A87932 /* PBXContainerItemProxy */ = {
			isa = PBXContainerItemProxy;
			containerPortal = AAFCD730247FC26300A87932 /* Project object */;
			proxyType = 1;
			remoteGlobalIDString = AAFCD737247FC26400A87932;
			remoteInfo = News;
		};
		AAFCD75A247FC26500A87932 /* PBXContainerItemProxy */ = {
			isa = PBXContainerItemProxy;
			containerPortal = AAFCD730247FC26300A87932 /* Project object */;
			proxyType = 1;
			remoteGlobalIDString = AAFCD737247FC26400A87932;
			remoteInfo = News;
		};
/* End PBXContainerItemProxy section */

/* Begin PBXFileReference section */
		AAFCD738247FC26400A87932 /* News.app */ = {isa = PBXFileReference; explicitFileType = wrapper.application; includeInIndex = 0; path = News.app; sourceTree = BUILT_PRODUCTS_DIR; };
		AAFCD73B247FC26400A87932 /* AppDelegate.swift */ = {isa = PBXFileReference; lastKnownFileType = sourcecode.swift; path = AppDelegate.swift; sourceTree = "<group>"; };
		AAFCD73D247FC26400A87932 /* SceneDelegate.swift */ = {isa = PBXFileReference; lastKnownFileType = sourcecode.swift; path = SceneDelegate.swift; sourceTree = "<group>"; };
		AAFCD73F247FC26400A87932 /* ContentView.swift */ = {isa = PBXFileReference; lastKnownFileType = sourcecode.swift; path = ContentView.swift; sourceTree = "<group>"; };
		AAFCD741247FC26500A87932 /* Assets.xcassets */ = {isa = PBXFileReference; lastKnownFileType = folder.assetcatalog; path = Assets.xcassets; sourceTree = "<group>"; };
		AAFCD744247FC26500A87932 /* Preview Assets.xcassets */ = {isa = PBXFileReference; lastKnownFileType = folder.assetcatalog; path = "Preview Assets.xcassets"; sourceTree = "<group>"; };
		AAFCD747247FC26500A87932 /* Base */ = {isa = PBXFileReference; lastKnownFileType = file.storyboard; name = Base; path = Base.lproj/LaunchScreen.storyboard; sourceTree = "<group>"; };
		AAFCD749247FC26500A87932 /* Info.plist */ = {isa = PBXFileReference; lastKnownFileType = text.plist.xml; path = Info.plist; sourceTree = "<group>"; };
		AAFCD74E247FC26500A87932 /* NewsTests.xctest */ = {isa = PBXFileReference; explicitFileType = wrapper.cfbundle; includeInIndex = 0; path = NewsTests.xctest; sourceTree = BUILT_PRODUCTS_DIR; };
		AAFCD752247FC26500A87932 /* NewsTests.swift */ = {isa = PBXFileReference; lastKnownFileType = sourcecode.swift; path = NewsTests.swift; sourceTree = "<group>"; };
		AAFCD754247FC26500A87932 /* Info.plist */ = {isa = PBXFileReference; lastKnownFileType = text.plist.xml; path = Info.plist; sourceTree = "<group>"; };
		AAFCD759247FC26500A87932 /* NewsUITests.xctest */ = {isa = PBXFileReference; explicitFileType = wrapper.cfbundle; includeInIndex = 0; path = NewsUITests.xctest; sourceTree = BUILT_PRODUCTS_DIR; };
		AAFCD75D247FC26500A87932 /* NewsUITests.swift */ = {isa = PBXFileReference; lastKnownFileType = sourcecode.swift; path = NewsUITests.swift; sourceTree = "<group>"; };
		AAFCD75F247FC26500A87932 /* Info.plist */ = {isa = PBXFileReference; lastKnownFileType = text.plist.xml; path = Info.plist; sourceTree = "<group>"; };
/* End PBXFileReference section */

/* Begin PBXFrameworksBuildPhase section */
		AAFCD735247FC26400A87932 /* Frameworks */ = {
			isa = PBXFrameworksBuildPhase;
			buildActionMask = 2147483647;
			files = (
				AAFCD770247FC9D900A87932 /* SDWebImageSwiftUI in Frameworks */,
				AAFCD76D247FC75900A87932 /* SwiftyJSON in Frameworks */,
			);
			runOnlyForDeploymentPostprocessing = 0;
		};
		AAFCD74B247FC26500A87932 /* Frameworks */ = {
			isa = PBXFrameworksBuildPhase;
			buildActionMask = 2147483647;
			files = (
			);
			runOnlyForDeploymentPostprocessing = 0;
		};
		AAFCD756247FC26500A87932 /* Frameworks */ = {
			isa = PBXFrameworksBuildPhase;
			buildActionMask = 2147483647;
			files = (
			);
			runOnlyForDeploymentPostprocessing = 0;
		};
/* End PBXFrameworksBuildPhase section */

/* Begin PBXGroup section */
		AAFCD72F247FC26300A87932 = {
			isa = PBXGroup;
			children = (
				AAFCD73A247FC26400A87932 /* News */,
				AAFCD751247FC26500A87932 /* NewsTests */,
				AAFCD75C247FC26500A87932 /* NewsUITests */,
				AAFCD739247FC26400A87932 /* Products */,
			);
			sourceTree = "<group>";
		};
		AAFCD739247FC26400A87932 /* Products */ = {
			isa = PBXGroup;
			children = (
				AAFCD738247FC26400A87932 /* News.app */,
				AAFCD74E247FC26500A87932 /* NewsTests.xctest */,
				AAFCD759247FC26500A87932 /* NewsUITests.xctest */,
			);
			name = Products;
			sourceTree = "<group>";
		};
		AAFCD73A247FC26400A87932 /* News */ = {
			isa = PBXGroup;
			children = (
				AAFCD73B247FC26400A87932 /* AppDelegate.swift */,
				AAFCD73D247FC26400A87932 /* SceneDelegate.swift */,
				AAFCD73F247FC26400A87932 /* ContentView.swift */,
				AAFCD741247FC26500A87932 /* Assets.xcassets */,
				AAFCD746247FC26500A87932 /* LaunchScreen.storyboard */,
				AAFCD749247FC26500A87932 /* Info.plist */,
				AAFCD743247FC26500A87932 /* Preview Content */,
			);
			path = News;
			sourceTree = "<group>";
		};
		AAFCD743247FC26500A87932 /* Preview Content */ = {
			isa = PBXGroup;
			children = (
				AAFCD744247FC26500A87932 /* Preview Assets.xcassets */,
			);
			path = "Preview Content";
			sourceTree = "<group>";
		};
		AAFCD751247FC26500A87932 /* NewsTests */ = {
			isa = PBXGroup;
			children = (
				AAFCD752247FC26500A87932 /* NewsTests.swift */,
				AAFCD754247FC26500A87932 /* Info.plist */,
			);
			path = NewsTests;
			sourceTree = "<group>";
		};
		AAFCD75C247FC26500A87932 /* NewsUITests */ = {
			isa = PBXGroup;
			children = (
				AAFCD75D247FC26500A87932 /* NewsUITests.swift */,
				AAFCD75F247FC26500A87932 /* Info.plist */,
			);
			path = NewsUITests;
			sourceTree = "<group>";
		};
/* End PBXGroup section */

/* Begin PBXNativeTarget section */
		AAFCD737247FC26400A87932 /* News */ = {
			isa = PBXNativeTarget;
			buildConfigurationList = AAFCD762247FC26500A87932 /* Build configuration list for PBXNativeTarget "News" */;
			buildPhases = (
				AAFCD734247FC26400A87932 /* Sources */,
				AAFCD735247FC26400A87932 /* Frameworks */,
				AAFCD736247FC26400A87932 /* Resources */,
			);
			buildRules = (
			);
			dependencies = (
			);
			name = News;
			packageProductDependencies = (
				AAFCD76C247FC75900A87932 /* SwiftyJSON */,
				AAFCD76F247FC9D900A87932 /* SDWebImageSwiftUI */,
			);
			productName = News;
			productReference = AAFCD738247FC26400A87932 /* News.app */;
			productType = "com.apple.product-type.application";
		};
		AAFCD74D247FC26500A87932 /* NewsTests */ = {
			isa = PBXNativeTarget;
			buildConfigurationList = AAFCD765247FC26500A87932 /* Build configuration list for PBXNativeTarget "NewsTests" */;
			buildPhases = (
				AAFCD74A247FC26500A87932 /* Sources */,
				AAFCD74B247FC26500A87932 /* Frameworks */,
				AAFCD74C247FC26500A87932 /* Resources */,
			);
			buildRules = (
			);
			dependencies = (
				AAFCD750247FC26500A87932 /* PBXTargetDependency */,
			);
			name = NewsTests;
			productName = NewsTests;
			productReference = AAFCD74E247FC26500A87932 /* NewsTests.xctest */;
			productType = "com.apple.product-type.bundle.unit-test";
		};
		AAFCD758247FC26500A87932 /* NewsUITests */ = {
			isa = PBXNativeTarget;
			buildConfigurationList = AAFCD768247FC26500A87932 /* Build configuration list for PBXNativeTarget "NewsUITests" */;
			buildPhases = (
				AAFCD755247FC26500A87932 /* Sources */,
				AAFCD756247FC26500A87932 /* Frameworks */,
				AAFCD757247FC26500A87932 /* Resources */,
			);
			buildRules = (
			);
			dependencies = (
				AAFCD75B247FC26500A87932 /* PBXTargetDependency */,
			);
			name = NewsUITests;
			productName = NewsUITests;
			productReference = AAFCD759247FC26500A87932 /* NewsUITests.xctest */;
			productType = "com.apple.product-type.bundle.ui-testing";
		};
/* End PBXNativeTarget section */

/* Begin PBXProject section */
		AAFCD730247FC26300A87932 /* Project object */ = {
			isa = PBXProject;
			attributes = {
				LastSwiftUpdateCheck = 1140;
				LastUpgradeCheck = 1140;
				ORGANIZATIONNAME = "Alvin Sena Nutor";
				TargetAttributes = {
					AAFCD737247FC26400A87932 = {
						CreatedOnToolsVersion = 11.4.1;
					};
					AAFCD74D247FC26500A87932 = {
						CreatedOnToolsVersion = 11.4.1;
						TestTargetID = AAFCD737247FC26400A87932;
					};
					AAFCD758247FC26500A87932 = {
						CreatedOnToolsVersion = 11.4.1;
						TestTargetID = AAFCD737247FC26400A87932;
					};
				};
			};
			buildConfigurationList = AAFCD733247FC26300A87932 /* Build configuration list for PBXProject "News" */;
			compatibilityVersion = "Xcode 9.3";
			developmentRegion = en;
			hasScannedForEncodings = 0;
			knownRegions = (
				en,
				Base,
			);
			mainGroup = AAFCD72F247FC26300A87932;
			packageReferences = (
				AAFCD76B247FC75900A87932 /* XCRemoteSwiftPackageReference "SwiftyJSON" */,
				AAFCD76E247FC9D900A87932 /* XCRemoteSwiftPackageReference "SDWebImageSwiftUI" */,
			);
			productRefGroup = AAFCD739247FC26400A87932 /* Products */;
			projectDirPath = "";
			projectRoot = "";
			targets = (
				AAFCD737247FC26400A87932 /* News */,
				AAFCD74D247FC26500A87932 /* NewsTests */,
				AAFCD758247FC26500A87932 /* NewsUITests */,
			);
		};
/* End PBXProject section */

/* Begin PBXResourcesBuildPhase section */
		AAFCD736247FC26400A87932 /* Resources */ = {
			isa = PBXResourcesBuildPhase;
			buildActionMask = 2147483647;
			files = (
				AAFCD748247FC26500A87932 /* LaunchScreen.storyboard in Resources */,
				AAFCD745247FC26500A87932 /* Preview Assets.xcassets in Resources */,
				AAFCD742247FC26500A87932 /* Assets.xcassets in Resources */,
			);
			runOnlyForDeploymentPostprocessing = 0;
		};
		AAFCD74C247FC26500A87932 /* Resources */ = {
			isa = PBXResourcesBuildPhase;
			buildActionMask = 2147483647;
			files = (
			);
			runOnlyForDeploymentPostprocessing = 0;
		};
		AAFCD757247FC26500A87932 /* Resources */ = {
			isa = PBXResourcesBuildPhase;
			buildActionMask = 2147483647;
			files = (
			);
			runOnlyForDeploymentPostprocessing = 0;
		};
/* End PBXResourcesBuildPhase section */

/* Begin PBXSourcesBuildPhase section */
		AAFCD734247FC26400A87932 /* Sources */ = {
			isa = PBXSourcesBuildPhase;
			buildActionMask = 2147483647;
			files = (
				AAFCD73C247FC26400A87932 /* AppDelegate.swift in Sources */,
				AAFCD73E247FC26400A87932 /* SceneDelegate.swift in Sources */,
				AAFCD740247FC26400A87932 /* ContentView.swift in Sources */,
			);
			runOnlyForDeploymentPostprocessing = 0;
		};
		AAFCD74A247FC26500A87932 /* Sources */ = {
			isa = PBXSourcesBuildPhase;
			buildActionMask = 2147483647;
			files = (
				AAFCD753247FC26500A87932 /* NewsTests.swift in Sources */,
			);
			runOnlyForDeploymentPostprocessing = 0;
		};
		AAFCD755247FC26500A87932 /* Sources */ = {
			isa = PBXSourcesBuildPhase;
			buildActionMask = 2147483647;
			files = (
				AAFCD75E247FC26500A87932 /* NewsUITests.swift in Sources */,
			);
			runOnlyForDeploymentPostprocessing = 0;
		};
/* End PBXSourcesBuildPhase section */

/* Begin PBXTargetDependency section */
		AAFCD750247FC26500A87932 /* PBXTargetDependency */ = {
			isa = PBXTargetDependency;
			target = AAFCD737247FC26400A87932 /* News */;
			targetProxy = AAFCD74F247FC26500A87932 /* PBXContainerItemProxy */;
		};
		AAFCD75B247FC26500A87932 /* PBXTargetDependency */ = {
			isa = PBXTargetDependency;
			target = AAFCD737247FC26400A87932 /* News */;
			targetProxy = AAFCD75A247FC26500A87932 /* PBXContainerItemProxy */;
		};
/* End PBXTargetDependency section */

/* Begin PBXVariantGroup section */
		AAFCD746247FC26500A87932 /* LaunchScreen.storyboard */ = {
			isa = PBXVariantGroup;
			children = (
				AAFCD747247FC26500A87932 /* Base */,
			);
			name = LaunchScreen.storyboard;
			sourceTree = "<group>";
		};
/* End PBXVariantGroup section */

/* Begin XCBuildConfiguration section */
		AAFCD760247FC26500A87932 /* Debug */ = {
			isa = XCBuildConfiguration;
			buildSettings = {
				ALWAYS_SEARCH_USER_PATHS = NO;
				CLANG_ANALYZER_NONNULL = YES;
				CLANG_ANALYZER_NUMBER_OBJECT_CONVERSION = YES_AGGRESSIVE;
				CLANG_CXX_LANGUAGE_STANDARD = "gnu++14";
				CLANG_CXX_LIBRARY = "libc++";
				CLANG_ENABLE_MODULES = YES;
				CLANG_ENABLE_OBJC_ARC = YES;
				CLANG_ENABLE_OBJC_WEAK = YES;
				CLANG_WARN_BLOCK_CAPTURE_AUTORELEASING = YES;
				CLANG_WARN_BOOL_CONVERSION = YES;
				CLANG_WARN_COMMA = YES;
				CLANG_WARN_CONSTANT_CONVERSION = YES;
				CLANG_WARN_DEPRECATED_OBJC_IMPLEMENTATIONS = YES;
				CLANG_WARN_DIRECT_OBJC_ISA_USAGE = YES_ERROR;
				CLANG_WARN_DOCUMENTATION_COMMENTS = YES;
				CLANG_WARN_EMPTY_BODY = YES;
				CLANG_WARN_ENUM_CONVERSION = YES;
				CLANG_WARN_INFINITE_RECURSION = YES;
				CLANG_WARN_INT_CONVERSION = YES;
				CLANG_WARN_NON_LITERAL_NULL_CONVERSION = YES;
				CLANG_WARN_OBJC_IMPLICIT_RETAIN_SELF = YES;
				CLANG_WARN_OBJC_LITERAL_CONVERSION = YES;
				CLANG_WARN_OBJC_ROOT_CLASS = YES_ERROR;
				CLANG_WARN_RANGE_LOOP_ANALYSIS = YES;
				CLANG_WARN_STRICT_PROTOTYPES = YES;
				CLANG_WARN_SUSPICIOUS_MOVE = YES;
				CLANG_WARN_UNGUARDED_AVAILABILITY = YES_AGGRESSIVE;
				CLANG_WARN_UNREACHABLE_CODE = YES;
				CLANG_WARN__DUPLICATE_METHOD_MATCH = YES;
				COPY_PHASE_STRIP = NO;
				DEBUG_INFORMATION_FORMAT = dwarf;
				ENABLE_STRICT_OBJC_MSGSEND = YES;
				ENABLE_TESTABILITY = YES;
				GCC_C_LANGUAGE_STANDARD = gnu11;
				GCC_DYNAMIC_NO_PIC = NO;
				GCC_NO_COMMON_BLOCKS = YES;
				GCC_OPTIMIZATION_LEVEL = 0;
				GCC_PREPROCESSOR_DEFINITIONS = (
					"DEBUG=1",
					"$(inherited)",
				);
				GCC_WARN_64_TO_32_BIT_CONVERSION = YES;
				GCC_WARN_ABOUT_RETURN_TYPE = YES_ERROR;
				GCC_WARN_UNDECLARED_SELECTOR = YES;
				GCC_WARN_UNINITIALIZED_AUTOS = YES_AGGRESSIVE;
				GCC_WARN_UNUSED_FUNCTION = YES;
				GCC_WARN_UNUSED_VARIABLE = YES;
				IPHONEOS_DEPLOYMENT_TARGET = 13.4;
				MTL_ENABLE_DEBUG_INFO = INCLUDE_SOURCE;
				MTL_FAST_MATH = YES;
				ONLY_ACTIVE_ARCH = YES;
				SDKROOT = iphoneos;
				SWIFT_ACTIVE_COMPILATION_CONDITIONS = DEBUG;
				SWIFT_OPTIMIZATION_LEVEL = "-Onone";
			};
			name = Debug;
		};
		AAFCD761247FC26500A87932 /* Release */ = {
			isa = XCBuildConfiguration;
			buildSettings = {
				ALWAYS_SEARCH_USER_PATHS = NO;
				CLANG_ANALYZER_NONNULL = YES;
				CLANG_ANALYZER_NUMBER_OBJECT_CONVERSION = YES_AGGRESSIVE;
				CLANG_CXX_LANGUAGE_STANDARD = "gnu++14";
				CLANG_CXX_LIBRARY = "libc++";
				CLANG_ENABLE_MODULES = YES;
				CLANG_ENABLE_OBJC_ARC = YES;
				CLANG_ENABLE_OBJC_WEAK = YES;
				CLANG_WARN_BLOCK_CAPTURE_AUTORELEASING = YES;
				CLANG_WARN_BOOL_CONVERSION = YES;
				CLANG_WARN_COMMA = YES;
				CLANG_WARN_CONSTANT_CONVERSION = YES;
				CLANG_WARN_DEPRECATED_OBJC_IMPLEMENTATIONS = YES;
				CLANG_WARN_DIRECT_OBJC_ISA_USAGE = YES_ERROR;
				CLANG_WARN_DOCUMENTATION_COMMENTS = YES;
				CLANG_WARN_EMPTY_BODY = YES;
				CLANG_WARN_ENUM_CONVERSION = YES;
				CLANG_WARN_INFINITE_RECURSION = YES;
				CLANG_WARN_INT_CONVERSION = YES;
				CLANG_WARN_NON_LITERAL_NULL_CONVERSION = YES;
				CLANG_WARN_OBJC_IMPLICIT_RETAIN_SELF = YES;
				CLANG_WARN_OBJC_LITERAL_CONVERSION = YES;
				CLANG_WARN_OBJC_ROOT_CLASS = YES_ERROR;
				CLANG_WARN_RANGE_LOOP_ANALYSIS = YES;
				CLANG_WARN_STRICT_PROTOTYPES = YES;
				CLANG_WARN_SUSPICIOUS_MOVE = YES;
				CLANG_WARN_UNGUARDED_AVAILABILITY = YES_AGGRESSIVE;
				CLANG_WARN_UNREACHABLE_CODE = YES;
				CLANG_WARN__DUPLICATE_METHOD_MATCH = YES;
				COPY_PHASE_STRIP = NO;
				DEBUG_INFORMATION_FORMAT = "dwarf-with-dsym";
				ENABLE_NS_ASSERTIONS = NO;
				ENABLE_STRICT_OBJC_MSGSEND = YES;
				GCC_C_LANGUAGE_STANDARD = gnu11;
				GCC_NO_COMMON_BLOCKS = YES;
				GCC_WARN_64_TO_32_BIT_CONVERSION = YES;
				GCC_WARN_ABOUT_RETURN_TYPE = YES_ERROR;
				GCC_WARN_UNDECLARED_SELECTOR = YES;
				GCC_WARN_UNINITIALIZED_AUTOS = YES_AGGRESSIVE;
				GCC_WARN_UNUSED_FUNCTION = YES;
				GCC_WARN_UNUSED_VARIABLE = YES;
				IPHONEOS_DEPLOYMENT_TARGET = 13.4;
				MTL_ENABLE_DEBUG_INFO = NO;
				MTL_FAST_MATH = YES;
				SDKROOT = iphoneos;
				SWIFT_COMPILATION_MODE = wholemodule;
				SWIFT_OPTIMIZATION_LEVEL = "-O";
				VALIDATE_PRODUCT = YES;
			};
			name = Release;
		};
		AAFCD763247FC26500A87932 /* Debug */ = {
			isa = XCBuildConfiguration;
			buildSettings = {
				ASSETCATALOG_COMPILER_APPICON_NAME = AppIcon;
				CODE_SIGN_STYLE = Automatic;
				DEVELOPMENT_ASSET_PATHS = "\"News/Preview Content\"";
				DEVELOPMENT_TEAM = NF2882R429;
				ENABLE_PREVIEWS = YES;
				INFOPLIST_FILE = News/Info.plist;
				LD_RUNPATH_SEARCH_PATHS = (
					"$(inherited)",
					"@executable_path/Frameworks",
				);
				PRODUCT_BUNDLE_IDENTIFIER = Amazingblade.News;
				PRODUCT_NAME = "$(TARGET_NAME)";
				SWIFT_VERSION = 5.0;
				TARGETED_DEVICE_FAMILY = "1,2";
			};
			name = Debug;
		};
		AAFCD764247FC26500A87932 /* Release */ = {
			isa = XCBuildConfiguration;
			buildSettings = {
				ASSETCATALOG_COMPILER_APPICON_NAME = AppIcon;
				CODE_SIGN_STYLE = Automatic;
				DEVELOPMENT_ASSET_PATHS = "\"News/Preview Content\"";
				DEVELOPMENT_TEAM = NF2882R429;
				ENABLE_PREVIEWS = YES;
				INFOPLIST_FILE = News/Info.plist;
				LD_RUNPATH_SEARCH_PATHS = (
					"$(inherited)",
					"@executable_path/Frameworks",
				);
				PRODUCT_BUNDLE_IDENTIFIER = Amazingblade.News;
				PRODUCT_NAME = "$(TARGET_NAME)";
				SWIFT_VERSION = 5.0;
				TARGETED_DEVICE_FAMILY = "1,2";
			};
			name = Release;
		};
		AAFCD766247FC26500A87932 /* Debug */ = {
			isa = XCBuildConfiguration;
			buildSettings = {
				ALWAYS_EMBED_SWIFT_STANDARD_LIBRARIES = YES;
				BUNDLE_LOADER = "$(TEST_HOST)";
				CODE_SIGN_STYLE = Automatic;
				DEVELOPMENT_TEAM = NF2882R429;
				INFOPLIST_FILE = NewsTests/Info.plist;
				IPHONEOS_DEPLOYMENT_TARGET = 13.4;
				LD_RUNPATH_SEARCH_PATHS = (
					"$(inherited)",
					"@executable_path/Frameworks",
					"@loader_path/Frameworks",
				);
				PRODUCT_BUNDLE_IDENTIFIER = Amazingblade.NewsTests;
				PRODUCT_NAME = "$(TARGET_NAME)";
				SWIFT_VERSION = 5.0;
				TARGETED_DEVICE_FAMILY = "1,2";
				TEST_HOST = "$(BUILT_PRODUCTS_DIR)/News.app/News";
			};
			name = Debug;
		};
		AAFCD767247FC26500A87932 /* Release */ = {
			isa = XCBuildConfiguration;
			buildSettings = {
				ALWAYS_EMBED_SWIFT_STANDARD_LIBRARIES = YES;
				BUNDLE_LOADER = "$(TEST_HOST)";
				CODE_SIGN_STYLE = Automatic;
				DEVELOPMENT_TEAM = NF2882R429;
				INFOPLIST_FILE = NewsTests/Info.plist;
				IPHONEOS_DEPLOYMENT_TARGET = 13.4;
				LD_RUNPATH_SEARCH_PATHS = (
					"$(inherited)",
					"@executable_path/Frameworks",
					"@loader_path/Frameworks",
				);
				PRODUCT_BUNDLE_IDENTIFIER = Amazingblade.NewsTests;
				PRODUCT_NAME = "$(TARGET_NAME)";
				SWIFT_VERSION = 5.0;
				TARGETED_DEVICE_FAMILY = "1,2";
				TEST_HOST = "$(BUILT_PRODUCTS_DIR)/News.app/News";
			};
			name = Release;
		};
		AAFCD769247FC26500A87932 /* Debug */ = {
			isa = XCBuildConfiguration;
			buildSettings = {
				ALWAYS_EMBED_SWIFT_STANDARD_LIBRARIES = YES;
				CODE_SIGN_STYLE = Automatic;
				DEVELOPMENT_TEAM = NF2882R429;
				INFOPLIST_FILE = NewsUITests/Info.plist;
				LD_RUNPATH_SEARCH_PATHS = (
					"$(inherited)",
					"@executable_path/Frameworks",
					"@loader_path/Frameworks",
				);
				PRODUCT_BUNDLE_IDENTIFIER = Amazingblade.NewsUITests;
				PRODUCT_NAME = "$(TARGET_NAME)";
				SWIFT_VERSION = 5.0;
				TARGETED_DEVICE_FAMILY = "1,2";
				TEST_TARGET_NAME = News;
			};
			name = Debug;
		};
		AAFCD76A247FC26500A87932 /* Release */ = {
			isa = XCBuildConfiguration;
			buildSettings = {
				ALWAYS_EMBED_SWIFT_STANDARD_LIBRARIES = YES;
				CODE_SIGN_STYLE = Automatic;
				DEVELOPMENT_TEAM = NF2882R429;
				INFOPLIST_FILE = NewsUITests/Info.plist;
				LD_RUNPATH_SEARCH_PATHS = (
					"$(inherited)",
					"@executable_path/Frameworks",
					"@loader_path/Frameworks",
				);
				PRODUCT_BUNDLE_IDENTIFIER = Amazingblade.NewsUITests;
				PRODUCT_NAME = "$(TARGET_NAME)";
				SWIFT_VERSION = 5.0;
				TARGETED_DEVICE_FAMILY = "1,2";
				TEST_TARGET_NAME = News;
			};
			name = Release;
		};
/* End XCBuildConfiguration section */

/* Begin XCConfigurationList section */
		AAFCD733247FC26300A87932 /* Build configuration list for PBXProject "News" */ = {
			isa = XCConfigurationList;
			buildConfigurations = (
				AAFCD760247FC26500A87932 /* Debug */,
				AAFCD761247FC26500A87932 /* Release */,
			);
			defaultConfigurationIsVisible = 0;
			defaultConfigurationName = Release;
		};
		AAFCD762247FC26500A87932 /* Build configuration list for PBXNativeTarget "News" */ = {
			isa = XCConfigurationList;
			buildConfigurations = (
				AAFCD763247FC26500A87932 /* Debug */,
				AAFCD764247FC26500A87932 /* Release */,
			);
			defaultConfigurationIsVisible = 0;
			defaultConfigurationName = Release;
		};
		AAFCD765247FC26500A87932 /* Build configuration list for PBXNativeTarget "NewsTests" */ = {
			isa = XCConfigurationList;
			buildConfigurations = (
				AAFCD766247FC26500A87932 /* Debug */,
				AAFCD767247FC26500A87932 /* Release */,
			);
			defaultConfigurationIsVisible = 0;
			defaultConfigurationName = Release;
		};
		AAFCD768247FC26500A87932 /* Build configuration list for PBXNativeTarget "NewsUITests" */ = {
			isa = XCConfigurationList;
			buildConfigurations = (
				AAFCD769247FC26500A87932 /* Debug */,
				AAFCD76A247FC26500A87932 /* Release */,
			);
			defaultConfigurationIsVisible = 0;
			defaultConfigurationName = Release;
		};
/* End XCConfigurationList section */

/* Begin XCRemoteSwiftPackageReference section */
		AAFCD76B247FC75900A87932 /* XCRemoteSwiftPackageReference "SwiftyJSON" */ = {
			isa = XCRemoteSwiftPackageReference;
			repositoryURL = "https://github.com/SwiftyJSON/SwiftyJSON.git";
			requirement = {
				kind = upToNextMajorVersion;
				minimumVersion = 5.0.0;
			};
		};
		AAFCD76E247FC9D900A87932 /* XCRemoteSwiftPackageReference "SDWebImageSwiftUI" */ = {
			isa = XCRemoteSwiftPackageReference;
			repositoryURL = "https://github.com/SDWebImage/SDWebImageSwiftUI.git";
			requirement = {
				kind = upToNextMajorVersion;
				minimumVersion = 1.4.0;
			};
		};
/* End XCRemoteSwiftPackageReference section */

/* Begin XCSwiftPackageProductDependency section */
		AAFCD76C247FC75900A87932 /* SwiftyJSON */ = {
			isa = XCSwiftPackageProductDependency;
			package = AAFCD76B247FC75900A87932 /* XCRemoteSwiftPackageReference "SwiftyJSON" */;
			productName = SwiftyJSON;
		};
		AAFCD76F247FC9D900A87932 /* SDWebImageSwiftUI */ = {
			isa = XCSwiftPackageProductDependency;
			package = AAFCD76E247FC9D900A87932 /* XCRemoteSwiftPackageReference "SDWebImageSwiftUI" */;
			productName = SDWebImageSwiftUI;
		};
/* End XCSwiftPackageProductDependency section */
	};
	rootObject = AAFCD730247FC26300A87932 /* Project object */;
}
